
Microsoft Visual Studio Solution File, Format Version 12.00
# Visual Studio 15
VisualStudioVersion = 15.0.27130.2027
MinimumVisualStudioVersion = 10.0.40219.1
Project("{FAE04EC0-301F-11D3-BF4B-00C04F79EFBC}") = "IDisposable Patterns", "IDisposable Patterns\IDisposable Patterns.csproj", "{0D4073E7-CE37-4E9A-8E6D-89A3550AACBA}"
EndProject
Global
	GlobalSection(SolutionConfigurationPlatforms) = preSolution
		Debug|Any CPU = Debug|Any CPU
		Release|Any CPU = Release|Any CPU
	EndGlobalSection
	GlobalSection(ProjectConfigurationPlatforms) = postSolution
		{0D4073E7-CE37-4E9A-8E6D-89A3550AACBA}.Debug|Any CPU.ActiveCfg = Debug|Any CPU
		{0D4073E7-CE37-4E9A-8E6D-89A3550AACBA}.Debug|Any CPU.Build.0 = Debug|Any CPU
		{0D4073E7-CE37-4E9A-8E6D-89A3550AACBA}.Release|Any CPU.ActiveCfg = Release|Any CPU
		{0D4073E7-CE37-4E9A-8E6D-89A3550AACBA}.Release|Any CPU.Build.0 = Release|Any CPU
	EndGlobalSection
	GlobalSection(SolutionProperties) = preSolution
		HideSolutionNode = FALSE
	EndGlobalSection
	GlobalSection(ExtensibilityGlobals) = postSolution
		SolutionGuid = {68BE243C-D57A-49D2-8957-E906BF0B40F5}
	EndGlobalSection
EndGlobal
